
Microsoft Visual Studio Solution File, Format Version 12.00
# Visual Studio Version 16
VisualStudioVersion = 16.0.30621.155
MinimumVisualStudioVersion = 10.0.40219.1
Project("{9A19103F-16F7-4668-BE54-9A1E7A4F7556}") = "Library", "Library.csproj", "{FE843FF6-E17F-4426-841B-19702974D2C8}"
EndProject
Project("{9A19103F-16F7-4668-BE54-9A1E7A4F7556}") = "LibraryData", "LibraryData\LibraryData.csproj", "{04E46856-6190-4654-8DE2-0E859C0C4067}"
EndProject
Project("{FAE04EC0-301F-11D3-BF4B-00C04F79EFBC}") = "LibraryServices", "LibraryServices\LibraryServices.csproj", "{12C15B3A-8C76-41FB-A329-9B3EF5748307}"
EndProject
Global
	GlobalSection(SolutionConfigurationPlatforms) = preSolution
		Debug|Any CPU = Debug|Any CPU
		Release|Any CPU = Release|Any CPU
	EndGlobalSection
	GlobalSection(ProjectConfigurationPlatforms) = postSolution
		{FE843FF6-E17F-4426-841B-19702974D2C8}.Debug|Any CPU.ActiveCfg = Debug|Any CPU
		{FE843FF6-E17F-4426-841B-19702974D2C8}.Debug|Any CPU.Build.0 = Debug|Any CPU
		{FE843FF6-E17F-4426-841B-19702974D2C8}.Release|Any CPU.ActiveCfg = Release|Any CPU
		{FE843FF6-E17F-4426-841B-19702974D2C8}.Release|Any CPU.Build.0 = Release|Any CPU
		{04E46856-6190-4654-8DE2-0E859C0C4067}.Debug|Any CPU.ActiveCfg = Debug|Any CPU
		{04E46856-6190-4654-8DE2-0E859C0C4067}.Debug|Any CPU.Build.0 = Debug|Any CPU
		{04E46856-6190-4654-8DE2-0E859C0C4067}.Release|Any CPU.ActiveCfg = Release|Any CPU
		{04E46856-6190-4654-8DE2-0E859C0C4067}.Release|Any CPU.Build.0 = Release|Any CPU
		{12C15B3A-8C76-41FB-A329-9B3EF5748307}.Debug|Any CPU.ActiveCfg = Debug|Any CPU
		{12C15B3A-8C76-41FB-A329-9B3EF5748307}.Debug|Any CPU.Build.0 = Debug|Any CPU
		{12C15B3A-8C76-41FB-A329-9B3EF5748307}.Release|Any CPU.ActiveCfg = Release|Any CPU
		{12C15B3A-8C76-41FB-A329-9B3EF5748307}.Release|Any CPU.Build.0 = Release|Any CPU
	EndGlobalSection
	GlobalSection(SolutionProperties) = preSolution
		HideSolutionNode = FALSE
	EndGlobalSection
	GlobalSection(ExtensibilityGlobals) = postSolution
		SolutionGuid = {61D187A1-AE38-46F8-8D04-115676525ABA}
	EndGlobalSection
EndGlobal
